lockfileVersion: '9.0'

settings:
  autoInstallPeers: true
  excludeLinksFromLockfile: false

importers:

  .:
    dependencies:
      '@zk-kit/baby-jujub':
        specifier: link:/home/sripwoud/code/zk-kit/zk-kit/packages/baby-jujub
        version: link:../zk-kit/packages/baby-jujub
      '@zk-kit/eddsa-poseidon':
        specifier: link:/home/sripwoud/code/zk-kit/zk-kit/packages/eddsa-poseidon
        version: link:../zk-kit/packages/eddsa-poseidon
      '@zk-kit/imt':
        specifier: link:/home/sripwoud/code/zk-kit/zk-kit/packages/imt
        version: link:../zk-kit/packages/imt
      '@zk-kit/lazytower':
        specifier: link:/home/sripwoud/code/zk-kit/zk-kit/packages/lazytower
        version: link:../zk-kit/packages/lazytower
      '@zk-kit/lean-imt':
        specifier: link:/home/sripwoud/code/zk-kit/zk-kit/packages/lean-imt
        version: link:../zk-kit/packages/lean-imt
      '@zk-kit/logical-expressions':
        specifier: link:/home/sripwoud/code/zk-kit/zk-kit/packages/logical-expressions
        version: link:../zk-kit/packages/logical-expressions
      '@zk-kit/poseidon-cipher':
        specifier: link:/home/sripwoud/code/zk-kit/zk-kit/packages/poseidon-cipher
        version: link:../zk-kit/packages/poseidon-cipher
      '@zk-kit/poseidon-proof':
        specifier: link:/home/sripwoud/code/zk-kit/zk-kit/packages/poseidon-proof
        version: link:../zk-kit/packages/poseidon-proof
      '@zk-kit/smt':
        specifier: link:/home/sripwoud/code/zk-kit/zk-kit/packages/smt
        version: link:../zk-kit/packages/smt
      '@zk-kit/utils':
        specifier: link:/home/sripwoud/code/zk-kit/zk-kit/packages/utils
        version: link:../zk-kit/packages/utils
    devDependencies:
      typescript:
        specifier: ^5.6.2
        version: 5.6.2

packages:

  typescript@5.6.2:
    resolution: {integrity: sha512-NW8ByodCSNCwZeghjN3o+JX5OFH0Ojg6sadjEKY4huZ52TqbJTJnDo5+Tw98lSy63NZvi4n+ez5m2u5d4PkZyw==}
    engines: {node: '>=14.17'}
    hasBin: true

snapshots:

  typescript@5.6.2: {}
